
Microsoft Visual Studio Solution File, Format Version 12.00
# Visual Studio Version 17
VisualStudioVersion = 17.9.34723.18
MinimumVisualStudioVersion = 10.0.40219.1
Project("{FAE04EC0-301F-11D3-BF4B-00C04F79EFBC}") = "OnlineTickets", "OnlineTickets\OnlineTickets.csproj", "{027F9C58-C3B2-4BC0-858A-1637768AD59A}"
EndProject
Global
	GlobalSection(SolutionConfigurationPlatforms) = preSolution
		Debug|Any CPU = Debug|Any CPU
		Release|Any CPU = Release|Any CPU
	EndGlobalSection
	GlobalSection(ProjectConfigurationPlatforms) = postSolution
		{027F9C58-C3B2-4BC0-858A-1637768AD59A}.Debug|Any CPU.ActiveCfg = Debug|Any CPU
		{027F9C58-C3B2-4BC0-858A-1637768AD59A}.Debug|Any CPU.Build.0 = Debug|Any CPU
		{027F9C58-C3B2-4BC0-858A-1637768AD59A}.Release|Any CPU.ActiveCfg = Release|Any CPU
		{027F9C58-C3B2-4BC0-858A-1637768AD59A}.Release|Any CPU.Build.0 = Release|Any CPU
	EndGlobalSection
	GlobalSection(SolutionProperties) = preSolution
		HideSolutionNode = FALSE
	EndGlobalSection
	GlobalSection(ExtensibilityGlobals) = postSolution
		SolutionGuid = {7F551A30-2C3C-4B49-BE04-41958A339C21}
	EndGlobalSection
EndGlobal
